{
  "name": "ui_server",
  "lockfileVersion": 3,
  "requires": true,
  "packages": {
    "": {
      "dependencies": {
        "@divkitframework/divkit": "^31.13.0"
      }
    },
    "node_modules/@divkitframework/divkit": {
      "version": "31.13.0",
      "resolved": "https://registry.npmjs.org/@divkitframework/divkit/-/divkit-31.13.0.tgz",
      "integrity": "sha512-XAr/mZLWk9/ITJF47q+Qrt3EbwTrsCl5FGVZKrfaHN39HPVCcT4JbwQM34PJC3/rCetHdlYFGZCtQ91tWHSOBw==",
      "license": "Apache-2.0"
    }
  }
}
